# This file is automatically @generated by Cargo.
# It is not intended for manual editing.
version = 3

[[package]]
name = "array-init"
version = "2.1.0"
source = "registry+https://github.com/rust-lang/crates.io-index"
checksum = "3d62b7694a562cdf5a74227903507c56ab2cc8bdd1f781ed5cb4cf9c9f810bfc"

[[package]]
name = "binrw"
version = "0.11.1"
source = "registry+https://github.com/rust-lang/crates.io-index"
checksum = "272caaf6e0bfb7d508c0606e541e2c68f85c0d6352b62d0b299924eed59fe384"
dependencies = [
 "array-init",
 "binrw_derive",
 "bytemuck",
]

[[package]]
name = "binrw_derive"
version = "0.11.1"
source = "registry+https://github.com/rust-lang/crates.io-index"
checksum = "fb4b28c1e534d96213c8966bb9240095757aa0909128985f97d16afd2e7257a8"
dependencies = [
 "either",
 "owo-colors",
 "proc-macro2",
 "quote",
 "syn 1.0.109",
]

[[package]]
name = "bytemuck"
version = "1.13.1"
source = "registry+https://github.com/rust-lang/crates.io-index"
checksum = "17febce684fd15d89027105661fec94afb475cb995fbc59d2865198446ba2eea"

[[package]]
name = "cfg-if"
version = "1.0.0"
source = "registry+https://github.com/rust-lang/crates.io-index"
checksum = "baf1de4339761588bc0619e3cbc0120ee582ebb74b53b4efbf79117bd2da40fd"

[[package]]
name = "either"
version = "1.8.1"
source = "registry+https://github.com/rust-lang/crates.io-index"
checksum = "7fcaabb2fef8c910e7f4c7ce9f67a1283a1715879a7c230ca9d6d1ae31f16d91"

[[package]]
name = "log"
version = "0.4.17"
source = "registry+https://github.com/rust-lang/crates.io-index"
checksum = "abb12e687cfb44aa40f41fc3978ef76448f9b6038cad6aef4259d3c095a2382e"
dependencies = [
 "cfg-if",
]

[[package]]
name = "owo-colors"
version = "3.5.0"
source = "registry+https://github.com/rust-lang/crates.io-index"
checksum = "c1b04fb49957986fdce4d6ee7a65027d55d4b6d2265e5848bbb507b58ccfdb6f"

[[package]]
name = "proc-macro2"
version = "1.0.56"
source = "registry+https://github.com/rust-lang/crates.io-index"
checksum = "2b63bdb0cd06f1f4dedf69b254734f9b45af66e4a031e42a7480257d9898b435"
dependencies = [
 "unicode-ident",
]

[[package]]
name = "quote"
version = "1.0.26"
source = "registry+https://github.com/rust-lang/crates.io-index"
checksum = "4424af4bf778aae2051a77b60283332f386554255d722233d09fbfc7e30da2fc"
dependencies = [
 "proc-macro2",
]

[[package]]
name = "renderwarelib"
version = "0.1.0"

[[package]]
name = "serde"
version = "1.0.162"
source = "registry+https://github.com/rust-lang/crates.io-index"
checksum = "71b2f6e1ab5c2b98c05f0f35b236b22e8df7ead6ffbf51d7808da7f8817e7ab6"
dependencies = [
 "serde_derive",
]

[[package]]
name = "serde-xml-rs"
version = "0.6.0"
source = "registry+https://github.com/rust-lang/crates.io-index"
checksum = "fb3aa78ecda1ebc9ec9847d5d3aba7d618823446a049ba2491940506da6e2782"
dependencies = [
 "log",
 "serde",
 "thiserror",
 "xml-rs",
]

[[package]]
name = "serde_derive"
version = "1.0.162"
source = "registry+https://github.com/rust-lang/crates.io-index"
checksum = "a2a0814352fd64b58489904a44ea8d90cb1a91dcb6b4f5ebabc32c8318e93cb6"
dependencies = [
 "proc-macro2",
 "quote",
 "syn 2.0.15",
]

[[package]]
name = "springylib"
version = "0.1.0"
dependencies = [
 "binrw",
 "serde",
 "serde-xml-rs",
]

[[package]]
name = "syn"
version = "1.0.109"
source = "registry+https://github.com/rust-lang/crates.io-index"
checksum = "72b64191b275b66ffe2469e8af2c1cfe3bafa67b529ead792a6d0160888b4237"
dependencies = [
 "proc-macro2",
 "quote",
 "unicode-ident",
]

[[package]]
name = "syn"
version = "2.0.15"
source = "registry+https://github.com/rust-lang/crates.io-index"
checksum = "a34fcf3e8b60f57e6a14301a2e916d323af98b0ea63c599441eec8558660c822"
dependencies = [
 "proc-macro2",
 "quote",
 "unicode-ident",
]

[[package]]
name = "thiserror"
version = "1.0.40"
source = "registry+https://github.com/rust-lang/crates.io-index"
checksum = "978c9a314bd8dc99be594bc3c175faaa9794be04a5a5e153caba6915336cebac"
dependencies = [
 "thiserror-impl",
]

[[package]]
name = "thiserror-impl"
version = "1.0.40"
source = "registry+https://github.com/rust-lang/crates.io-index"
checksum = "f9456a42c5b0d803c8cd86e73dd7cc9edd429499f37a3550d286d5e86720569f"
dependencies = [
 "proc-macro2",
 "quote",
 "syn 2.0.15",
]

[[package]]
name = "unicode-ident"
version = "1.0.8"
source = "registry+https://github.com/rust-lang/crates.io-index"
checksum = "e5464a87b239f13a63a501f2701565754bae92d243d4bb7eb12f6d57d2269bf4"

[[package]]
name = "xml-rs"
version = "0.8.6"
source = "registry+https://github.com/rust-lang/crates.io-index"
checksum = "40e1a60e6e271dfb0db2db95987551348db75ebd6a78be07b9039b036f7dae2a"
